
Microsoft Visual Studio Solution File, Format Version 12.00
# Visual Studio 2012
Project("{FAE04EC0-301F-11D3-BF4B-00C04F79EFBC}") = "core", "core\core.csproj", "{877B44FF-AB74-45F4-BEF2-1DEA2F1E641A}"
EndProject
Global
	GlobalSection(SolutionConfigurationPlatforms) = preSolution
		Debug|Any CPU = Debug|Any CPU
		Release|Any CPU = Release|Any CPU
	EndGlobalSection
	GlobalSection(ProjectConfigurationPlatforms) = postSolution
		{877B44FF-AB74-45F4-BEF2-1DEA2F1E641A}.Debug|Any CPU.ActiveCfg = Debug|Any CPU
		{877B44FF-AB74-45F4-BEF2-1DEA2F1E641A}.Debug|Any CPU.Build.0 = Debug|Any CPU
		{877B44FF-AB74-45F4-BEF2-1DEA2F1E641A}.Release|Any CPU.ActiveCfg = Release|Any CPU
		{877B44FF-AB74-45F4-BEF2-1DEA2F1E641A}.Release|Any CPU.Build.0 = Release|Any CPU
	EndGlobalSection
	GlobalSection(SolutionProperties) = preSolution
		HideSolutionNode = FALSE
	EndGlobalSection
EndGlobal
